{
	"name": "Networking_with_Node.js_Basic",
	"version": "0.0.1",
	"lockfileVersion": 1,
	"requires": true,
	"dependencies": {
		"acync": {
			"version": "1.0.0",
			"resolved": "https://registry.npmjs.org/acync/-/acync-1.0.0.tgz",
			"integrity": "sha512-7XEw/jJafhnpcAm3a4y62Ng8NMJkqpeC2KcNpW/Xg/dtjcKLhOkZ36Wv8X4VKFV3W+nKWii2smdikvZXVxgkvw==",
			"requires": {
				"commander": "^2.15.1"
			}
		},
		"async": {
			"version": "2.6.1",
			"resolved": "https://registry.npmjs.org/async/-/async-2.6.1.tgz",
			"integrity": "sha512-fNEiL2+AZt6AlAw/29Cr0UDe4sRAHCpEHh54WMz+Bb7QfNcFw4h3loofyJpLeQs4Yx7yuqu/2dLgM5hKOs6HlQ==",
			"requires": {
				"lodash": "^4.17.10"
			}
		},
		"colors": {
			"version": "1.3.1",
			"resolved": "https://registry.npmjs.org/colors/-/colors-1.3.1.tgz",
			"integrity": "sha1-Sszbic8sq8f5gncZJelGh4TzLz0="
		},
		"commander": {
			"version": "2.19.0",
			"resolved": "https://registry.npmjs.org/commander/-/commander-2.19.0.tgz",
			"integrity": "sha512-6tvAOO+D6OENvRAh524Dh9jcfKTYDQAqvqezbCW82xj5X0pSrcpxtvRKHLG0yBY6SD7PSDrJaj+0AiOcKVd1Xg=="
		},
		"fs": {
			"version": "0.0.1-security",
			"resolved": "https://registry.npmjs.org/fs/-/fs-0.0.1-security.tgz",
			"integrity": "sha1-invTcYa23d84E/I4WLV+yq9eQdQ="
		},
		"lodash": {
			"version": "4.17.11",
			"resolved": "https://registry.npmjs.org/lodash/-/lodash-4.17.11.tgz",
			"integrity": "sha512-cQKh8igo5QUhZ7lg38DYWAxMvjSAKG0A8wGSVimP07SIUEK2UO+arSRKbRZWtelMtN5V0Hkwh5ryOto/SshYIg=="
		},
		"string-split": {
			"version": "0.3.1",
			"resolved": "https://registry.npmjs.org/string-split/-/string-split-0.3.1.tgz",
			"integrity": "sha1-x5dHAugOqeBI0/KJLXuW4miLE90=",
			"requires": {
				"curry2": "^0.1.0"
			},
			"dependencies": {
				"curry2": {
					"version": "0.1.0",
					"resolved": "https://registry.npmjs.org/curry2/-/curry2-0.1.0.tgz",
					"integrity": "sha1-zJg37JFIpurqR/bO3yVNEDAxojM="
				}
			}
		},
		"uuid-v4": {
			"version": "0.1.0",
			"resolved": "https://registry.npmjs.org/uuid-v4/-/uuid-v4-0.1.0.tgz",
			"integrity": "sha1-YtezEEBvbOz+oVKMafHo4LzsWjo="
		},
		"zeparser": {
			"version": "0.0.7",
			"resolved": "https://registry.npmjs.org/zeparser/-/zeparser-0.0.7.tgz",
			"integrity": "sha1-uIC2BcvxbXgGE2STQvx3ShRc3zA="
		}
	}
}
