{
	"name": "Networking_with_Node.js_Basic",
	"version": "0.0.1",
	"lockfileVersion": 1,
	"requires": true,
	"dependencies": {
		"async": {
			"version": "2.6.1",
			"resolved": "https://registry.npmjs.org/async/-/async-2.6.1.tgz",
			"integrity": "sha512-fNEiL2+AZt6AlAw/29Cr0UDe4sRAHCpEHh54WMz+Bb7QfNcFw4h3loofyJpLeQs4Yx7yuqu/2dLgM5hKOs6HlQ==",
			"requires": {
				"lodash": "4.17.10"
			}
		},
		"bluebird": {
			"version": "2.10.2",
			"resolved": "http://registry.npmjs.org/bluebird/-/bluebird-2.10.2.tgz",
			"integrity": "sha1-AkpVFylTCIV/FPkfEQb8O1VfRGs="
		},
		"cluster": {
			"version": "0.7.7",
			"resolved": "https://registry.npmjs.org/cluster/-/cluster-0.7.7.tgz",
			"integrity": "sha1-5JfiZ8yVa9CwUTrbSqOTNX0Ahe8=",
			"requires": {
				"log": "1.4.0",
				"mkdirp": "0.5.1"
			}
		},
		"colors": {
			"version": "1.3.1",
			"resolved": "https://registry.npmjs.org/colors/-/colors-1.3.1.tgz",
			"integrity": "sha1-Sszbic8sq8f5gncZJelGh4TzLz0="
		},
		"fs": {
			"version": "0.0.1-security",
			"resolved": "https://registry.npmjs.org/fs/-/fs-0.0.1-security.tgz",
			"integrity": "sha1-invTcYa23d84E/I4WLV+yq9eQdQ="
		},
		"line-reader": {
			"version": "0.4.0",
			"resolved": "https://registry.npmjs.org/line-reader/-/line-reader-0.4.0.tgz",
			"integrity": "sha1-F+RIGNoKwzVnW6MAlU+U72cOZv0="
		},
		"lodash": {
			"version": "4.17.10",
			"resolved": "https://registry.npmjs.org/lodash/-/lodash-4.17.10.tgz",
			"integrity": "sha512-UejweD1pDoXu+AD825lWwp4ZGtSwgnpZxb3JDViD7StjQz+Nb/6l093lx4OQ0foGWNRoc19mWy7BzL+UAK2iVg=="
		},
		"log": {
			"version": "1.4.0",
			"resolved": "https://registry.npmjs.org/log/-/log-1.4.0.tgz",
			"integrity": "sha1-S6HYkP3iSbAx3KA7w36q8yVlbxw="
		},
		"math-sqrt": {
			"version": "1.0.1",
			"resolved": "https://registry.npmjs.org/math-sqrt/-/math-sqrt-1.0.1.tgz",
			"integrity": "sha1-N/VjnWfTF9cnPNqumExdd1oUNCU="
		},
		"minimist": {
			"version": "0.0.8",
			"resolved": "http://registry.npmjs.org/minimist/-/minimist-0.0.8.tgz",
			"integrity": "sha1-hX/Kv8M5fSYluCKCYuhqp6ARsF0="
		},
		"mkdirp": {
			"version": "0.5.1",
			"resolved": "http://registry.npmjs.org/mkdirp/-/mkdirp-0.5.1.tgz",
			"integrity": "sha1-MAV0OOrGz3+MR2fzhkjWaX11yQM=",
			"requires": {
				"minimist": "0.0.8"
			}
		},
		"node-each": {
			"version": "1.0.1",
			"resolved": "https://registry.npmjs.org/node-each/-/node-each-1.0.1.tgz",
			"integrity": "sha1-XZQ2otoraBhlPZmdUOZNZc3E5cU=",
			"requires": {
				"bluebird": "2.10.2"
			}
		},
		"os": {
			"version": "0.1.1",
			"resolved": "https://registry.npmjs.org/os/-/os-0.1.1.tgz",
			"integrity": "sha1-IIhF6J4ZOtTZcUdLk5R3NqVtE/M="
		},
		"string-split": {
			"version": "0.3.1",
			"resolved": "https://registry.npmjs.org/string-split/-/string-split-0.3.1.tgz",
			"integrity": "sha1-x5dHAugOqeBI0/KJLXuW4miLE90=",
			"requires": {
				"curry2": "0.1.0"
			},
			"dependencies": {
				"curry2": {
					"version": "0.1.0",
					"resolved": "https://registry.npmjs.org/curry2/-/curry2-0.1.0.tgz",
					"integrity": "sha1-zJg37JFIpurqR/bO3yVNEDAxojM="
				}
			}
		},
		"uuid-v4": {
			"version": "0.1.0",
			"resolved": "https://registry.npmjs.org/uuid-v4/-/uuid-v4-0.1.0.tgz",
			"integrity": "sha1-YtezEEBvbOz+oVKMafHo4LzsWjo="
		},
		"zeparser": {
			"version": "0.0.7",
			"resolved": "https://registry.npmjs.org/zeparser/-/zeparser-0.0.7.tgz",
			"integrity": "sha1-uIC2BcvxbXgGE2STQvx3ShRc3zA="
		}
	}
}
